// !$*UTF8*$!
{
	archiveVersion = 1;
	classes = {
	};
	objectVersion = 46;
	objects = {

/* Begin PBXBuildFile section */
		6C885D291BEB346D00B9DEA0 /* main.m in Sources */ = {isa = PBXBuildFile; fileRef = 6C885D281BEB346D00B9DEA0 /* main.m */; };
		6C885D2C1BEB346D00B9DEA0 /* AppDelegate.m in Sources */ = {isa = PBXBuildFile; fileRef = 6C885D2B1BEB346D00B9DEA0 /* AppDelegate.m */; };
		6C885D2F1BEB346D00B9DEA0 /* ViewController.m in Sources */ = {isa = PBXBuildFile; fileRef = 6C885D2E1BEB346D00B9DEA0 /* ViewController.m */; };
		6C885D321BEB346D00B9DEA0 /* Main.storyboard in Resources */ = {isa = PBXBuildFile; fileRef = 6C885D301BEB346D00B9DEA0 /* Main.storyboard */; };
		6C885D341BEB346D00B9DEA0 /* Images.xcassets in Resources */ = {isa = PBXBuildFile; fileRef = 6C885D331BEB346D00B9DEA0 /* Images.xcassets */; };
		6C885D371BEB346D00B9DEA0 /* LaunchScreen.xib in Resources */ = {isa = PBXBuildFile; fileRef = 6C885D351BEB346D00B9DEA0 /* LaunchScreen.xib */; };
		6C885D431BEB346D00B9DEA0 /* grisha_firstTests.m in Sources */ = {isa = PBXBuildFile; fileRef = 6C885D421BEB346D00B9DEA0 /* grisha_firstTests.m */; };
/* End PBXBuildFile section */

/* Begin PBXContainerItemProxy section */
		6C885D3D1BEB346D00B9DEA0 /* PBXContainerItemProxy */ = {
			isa = PBXContainerItemProxy;
			containerPortal = 6C885D1B1BEB346D00B9DEA0 /* Project object */;
			proxyType = 1;
			remoteGlobalIDString = 6C885D221BEB346D00B9DEA0;
			remoteInfo = "grisha-first";
		};
/* End PBXContainerItemProxy section */

/* Begin PBXFileReference section */
		6C885D231BEB346D00B9DEA0 /* grisha-first.app */ = {isa = PBXFileReference; explicitFileType = wrapper.application; includeInIndex = 0; path = "grisha-first.app"; sourceTree = BUILT_PRODUCTS_DIR; };
		6C885D271BEB346D00B9DEA0 /* Info.plist */ = {isa = PBXFileReference; lastKnownFileType = text.plist.xml; path = Info.plist; sourceTree = "<group>"; };
		6C885D281BEB346D00B9DEA0 /* main.m */ = {isa = PBXFileReference; lastKnownFileType = sourcecode.c.objc; path = main.m; sourceTree = "<group>"; };
		6C885D2A1BEB346D00B9DEA0 /* AppDelegate.h */ = {isa = PBXFileReference; lastKnownFileType = sourcecode.c.h; path = AppDelegate.h; sourceTree = "<group>"; };
		6C885D2B1BEB346D00B9DEA0 /* AppDelegate.m */ = {isa = PBXFileReference; lastKnownFileType = sourcecode.c.objc; path = AppDelegate.m; sourceTree = "<group>"; };
		6C885D2D1BEB346D00B9DEA0 /* ViewController.h */ = {isa = PBXFileReference; lastKnownFileType = sourcecode.c.h; path = ViewController.h; sourceTree = "<group>"; };
		6C885D2E1BEB346D00B9DEA0 /* ViewController.m */ = {isa = PBXFileReference; lastKnownFileType = sourcecode.c.objc; path = ViewController.m; sourceTree = "<group>"; };
		6C885D311BEB346D00B9DEA0 /* Base */ = {isa = PBXFileReference; lastKnownFileType = file.storyboard; name = Base; path = Base.lproj/Main.storyboard; sourceTree = "<group>"; };
		6C885D331BEB346D00B9DEA0 /* Images.xcassets */ = {isa = PBXFileReference; lastKnownFileType = folder.assetcatalog; path = Images.xcassets; sourceTree = "<group>"; };
		6C885D361BEB346D00B9DEA0 /* Base */ = {isa = PBXFileReference; lastKnownFileType = file.xib; name = Base; path = Base.lproj/LaunchScreen.xib; sourceTree = "<group>"; };
		6C885D3C1BEB346D00B9DEA0 /* grisha-firstTests.xctest */ = {isa = PBXFileReference; explicitFileType = wrapper.cfbundle; includeInIndex = 0; path = "grisha-firstTests.xctest"; sourceTree = BUILT_PRODUCTS_DIR; };
		6C885D411BEB346D00B9DEA0 /* Info.plist */ = {isa = PBXFileReference; lastKnownFileType = text.plist.xml; path = Info.plist; sourceTree = "<group>"; };
		6C885D421BEB346D00B9DEA0 /* grisha_firstTests.m */ = {isa = PBXFileReference; lastKnownFileType = sourcecode.c.objc; path = grisha_firstTests.m; sourceTree = "<group>"; };
/* End PBXFileReference section */

/* Begin PBXFrameworksBuildPhase section */
		6C885D201BEB346D00B9DEA0 /* Frameworks */ = {
			isa = PBXFrameworksBuildPhase;
			buildActionMask = 2147483647;
			files = (
			);
			runOnlyForDeploymentPostprocessing = 0;
		};
		6C885D391BEB346D00B9DEA0 /* Frameworks */ = {
			isa = PBXFrameworksBuildPhase;
			buildActionMask = 2147483647;
			files = (
			);
			runOnlyForDeploymentPostprocessing = 0;
		};
/* End PBXFrameworksBuildPhase section */

/* Begin PBXGroup section */
		6C885D1A1BEB346D00B9DEA0 = {
			isa = PBXGroup;
			children = (
				6C885D251BEB346D00B9DEA0 /* grisha-first */,
				6C885D3F1BEB346D00B9DEA0 /* grisha-firstTests */,
				6C885D241BEB346D00B9DEA0 /* Products */,
			);
			sourceTree = "<group>";
		};
		6C885D241BEB346D00B9DEA0 /* Products */ = {
			isa = PBXGroup;
			children = (
				6C885D231BEB346D00B9DEA0 /* grisha-first.app */,
				6C885D3C1BEB346D00B9DEA0 /* grisha-firstTests.xctest */,
			);
			name = Products;
			sourceTree = "<group>";
		};
		6C885D251BEB346D00B9DEA0 /* grisha-first */ = {
			isa = PBXGroup;
			children = (
				6C885D2A1BEB346D00B9DEA0 /* AppDelegate.h */,
				6C885D2B1BEB346D00B9DEA0 /* AppDelegate.m */,
				6C885D2D1BEB346D00B9DEA0 /* ViewController.h */,
				6C885D2E1BEB346D00B9DEA0 /* ViewController.m */,
				6C885D301BEB346D00B9DEA0 /* Main.storyboard */,
				6C885D331BEB346D00B9DEA0 /* Images.xcassets */,
				6C885D351BEB346D00B9DEA0 /* LaunchScreen.xib */,
				6C885D261BEB346D00B9DEA0 /* Supporting Files */,
			);
			path = "grisha-first";
			sourceTree = "<group>";
		};
		6C885D261BEB346D00B9DEA0 /* Supporting Files */ = {
			isa = PBXGroup;
			children = (
				6C885D271BEB346D00B9DEA0 /* Info.plist */,
				6C885D281BEB346D00B9DEA0 /* main.m */,
			);
			name = "Supporting Files";
			sourceTree = "<group>";
		};
		6C885D3F1BEB346D00B9DEA0 /* grisha-firstTests */ = {
			isa = PBXGroup;
			children = (
				6C885D421BEB346D00B9DEA0 /* grisha_firstTests.m */,
				6C885D401BEB346D00B9DEA0 /* Supporting Files */,
			);
			path = "grisha-firstTests";
			sourceTree = "<group>";
		};
		6C885D401BEB346D00B9DEA0 /* Supporting Files */ = {
			isa = PBXGroup;
			children = (
				6C885D411BEB346D00B9DEA0 /* Info.plist */,
			);
			name = "Supporting Files";
			sourceTree = "<group>";
		};
/* End PBXGroup section */

/* Begin PBXNativeTarget section */
		6C885D221BEB346D00B9DEA0 /* grisha-first */ = {
			isa = PBXNativeTarget;
			buildConfigurationList = 6C885D461BEB346D00B9DEA0 /* Build configuration list for PBXNativeTarget "grisha-first" */;
			buildPhases = (
				6C885D1F1BEB346D00B9DEA0 /* Sources */,
				6C885D201BEB346D00B9DEA0 /* Frameworks */,
				6C885D211BEB346D00B9DEA0 /* Resources */,
			);
			buildRules = (
			);
			dependencies = (
			);
			name = "grisha-first";
			productName = "grisha-first";
			productReference = 6C885D231BEB346D00B9DEA0 /* grisha-first.app */;
			productType = "com.apple.product-type.application";
		};
		6C885D3B1BEB346D00B9DEA0 /* grisha-firstTests */ = {
			isa = PBXNativeTarget;
			buildConfigurationList = 6C885D491BEB346D00B9DEA0 /* Build configuration list for PBXNativeTarget "grisha-firstTests" */;
			buildPhases = (
				6C885D381BEB346D00B9DEA0 /* Sources */,
				6C885D391BEB346D00B9DEA0 /* Frameworks */,
				6C885D3A1BEB346D00B9DEA0 /* Resources */,
			);
			buildRules = (
			);
			dependencies = (
				6C885D3E1BEB346D00B9DEA0 /* PBXTargetDependency */,
			);
			name = "grisha-firstTests";
			productName = "grisha-firstTests";
			productReference = 6C885D3C1BEB346D00B9DEA0 /* grisha-firstTests.xctest */;
			productType = "com.apple.product-type.bundle.unit-test";
		};
/* End PBXNativeTarget section */

/* Begin PBXProject section */
		6C885D1B1BEB346D00B9DEA0 /* Project object */ = {
			isa = PBXProject;
			attributes = {
				LastUpgradeCheck = 0640;
				ORGANIZATIONNAME = MD;
				TargetAttributes = {
					6C885D221BEB346D00B9DEA0 = {
						CreatedOnToolsVersion = 6.4;
					};
					6C885D3B1BEB346D00B9DEA0 = {
						CreatedOnToolsVersion = 6.4;
						TestTargetID = 6C885D221BEB346D00B9DEA0;
					};
				};
			};
			buildConfigurationList = 6C885D1E1BEB346D00B9DEA0 /* Build configuration list for PBXProject "grisha-first" */;
			compatibilityVersion = "Xcode 3.2";
			developmentRegion = English;
			hasScannedForEncodings = 0;
			knownRegions = (
				en,
				Base,
			);
			mainGroup = 6C885D1A1BEB346D00B9DEA0;
			productRefGroup = 6C885D241BEB346D00B9DEA0 /* Products */;
			projectDirPath = "";
			projectRoot = "";
			targets = (
				6C885D221BEB346D00B9DEA0 /* grisha-first */,
				6C885D3B1BEB346D00B9DEA0 /* grisha-firstTests */,
			);
		};
/* End PBXProject section */

/* Begin PBXResourcesBuildPhase section */
		6C885D211BEB346D00B9DEA0 /* Resources */ = {
			isa = PBXResourcesBuildPhase;
			buildActionMask = 2147483647;
			files = (
				6C885D321BEB346D00B9DEA0 /* Main.storyboard in Resources */,
				6C885D371BEB346D00B9DEA0 /* LaunchScreen.xib in Resources */,
				6C885D341BEB346D00B9DEA0 /* Images.xcassets in Resources */,
			);
			runOnlyForDeploymentPostprocessing = 0;
		};
		6C885D3A1BEB346D00B9DEA0 /* Resources */ = {
			isa = PBXResourcesBuildPhase;
			buildActionMask = 2147483647;
			files = (
			);
			runOnlyForDeploymentPostprocessing = 0;
		};
/* End PBXResourcesBuildPhase section */

/* Begin PBXSourcesBuildPhase section */
		6C885D1F1BEB346D00B9DEA0 /* Sources */ = {
			isa = PBXSourcesBuildPhase;
			buildActionMask = 2147483647;
			files = (
				6C885D2F1BEB346D00B9DEA0 /* ViewController.m in Sources */,
				6C885D2C1BEB346D00B9DEA0 /* AppDelegate.m in Sources */,
				6C885D291BEB346D00B9DEA0 /* main.m in Sources */,
			);
			runOnlyForDeploymentPostprocessing = 0;
		};
		6C885D381BEB346D00B9DEA0 /* Sources */ = {
			isa = PBXSourcesBuildPhase;
			buildActionMask = 2147483647;
			files = (
				6C885D431BEB346D00B9DEA0 /* grisha_firstTests.m in Sources */,
			);
			runOnlyForDeploymentPostprocessing = 0;
		};
/* End PBXSourcesBuildPhase section */

/* Begin PBXTargetDependency section */
		6C885D3E1BEB346D00B9DEA0 /* PBXTargetDependency */ = {
			isa = PBXTargetDependency;
			target = 6C885D221BEB346D00B9DEA0 /* grisha-first */;
			targetProxy = 6C885D3D1BEB346D00B9DEA0 /* PBXContainerItemProxy */;
		};
/* End PBXTargetDependency section */

/* Begin PBXVariantGroup section */
		6C885D301BEB346D00B9DEA0 /* Main.storyboard */ = {
			isa = PBXVariantGroup;
			children = (
				6C885D311BEB346D00B9DEA0 /* Base */,
			);
			name = Main.storyboard;
			sourceTree = "<group>";
		};
		6C885D351BEB346D00B9DEA0 /* LaunchScreen.xib */ = {
			isa = PBXVariantGroup;
			children = (
				6C885D361BEB346D00B9DEA0 /* Base */,
			);
			name = LaunchScreen.xib;
			sourceTree = "<group>";
		};
/* End PBXVariantGroup section */

/* Begin XCBuildConfiguration section */
		6C885D441BEB346D00B9DEA0 /* Debug */ = {
			isa = XCBuildConfiguration;
			buildSettings = {
				ALWAYS_SEARCH_USER_PATHS = NO;
				CLANG_CXX_LANGUAGE_STANDARD = "gnu++0x";
				CLANG_CXX_LIBRARY = "libc++";
				CLANG_ENABLE_MODULES = YES;
				CLANG_ENABLE_OBJC_ARC = YES;
				CLANG_WARN_BOOL_CONVERSION = YES;
				CLANG_WARN_CONSTANT_CONVERSION = YES;
				CLANG_WARN_DIRECT_OBJC_ISA_USAGE = YES_ERROR;
				CLANG_WARN_EMPTY_BODY = YES;
				CLANG_WARN_ENUM_CONVERSION = YES;
				CLANG_WARN_INT_CONVERSION = YES;
				CLANG_WARN_OBJC_ROOT_CLASS = YES_ERROR;
				CLANG_WARN_UNREACHABLE_CODE = YES;
				CLANG_WARN__DUPLICATE_METHOD_MATCH = YES;
				"CODE_SIGN_IDENTITY[sdk=iphoneos*]" = "iPhone Developer";
				COPY_PHASE_STRIP = NO;
				DEBUG_INFORMATION_FORMAT = "dwarf-with-dsym";
				ENABLE_STRICT_OBJC_MSGSEND = YES;
				GCC_C_LANGUAGE_STANDARD = gnu99;
				GCC_DYNAMIC_NO_PIC = NO;
				GCC_NO_COMMON_BLOCKS = YES;
				GCC_OPTIMIZATION_LEVEL = 0;
				GCC_PREPROCESSOR_DEFINITIONS = (
					"DEBUG=1",
					"$(inherited)",
				);
				GCC_SYMBOLS_PRIVATE_EXTERN = NO;
				GCC_WARN_64_TO_32_BIT_CONVERSION = YES;
				GCC_WARN_ABOUT_RETURN_TYPE = YES_ERROR;
				GCC_WARN_UNDECLARED_SELECTOR = YES;
				GCC_WARN_UNINITIALIZED_AUTOS = YES_AGGRESSIVE;
				GCC_WARN_UNUSED_FUNCTION = YES;
				GCC_WARN_UNUSED_VARIABLE = YES;
				IPHONEOS_DEPLOYMENT_TARGET = 8.4;
				MTL_ENABLE_DEBUG_INFO = YES;
				ONLY_ACTIVE_ARCH = YES;
				SDKROOT = iphoneos;
				TARGETED_DEVICE_FAMILY = "1,2";
			};
			name = Debug;
		};
		6C885D451BEB346D00B9DEA0 /* Release */ = {
			isa = XCBuildConfiguration;
			buildSettings = {
				ALWAYS_SEARCH_USER_PATHS = NO;
				CLANG_CXX_LANGUAGE_STANDARD = "gnu++0x";
				CLANG_CXX_LIBRARY = "libc++";
				CLANG_ENABLE_MODULES = YES;
				CLANG_ENABLE_OBJC_ARC = YES;
				CLANG_WARN_BOOL_CONVERSION = YES;
				CLANG_WARN_CONSTANT_CONVERSION = YES;
				CLANG_WARN_DIRECT_OBJC_ISA_USAGE = YES_ERROR;
				CLANG_WARN_EMPTY_BODY = YES;
				CLANG_WARN_ENUM_CONVERSION = YES;
				CLANG_WARN_INT_CONVERSION = YES;
				CLANG_WARN_OBJC_ROOT_CLASS = YES_ERROR;
				CLANG_WARN_UNREACHABLE_CODE = YES;
				CLANG_WARN__DUPLICATE_METHOD_MATCH = YES;
				"CODE_SIGN_IDENTITY[sdk=iphoneos*]" = "iPhone Developer";
				COPY_PHASE_STRIP = NO;
				DEBUG_INFORMATION_FORMAT = "dwarf-with-dsym";
				ENABLE_NS_ASSERTIONS = NO;
				ENABLE_STRICT_OBJC_MSGSEND = YES;
				GCC_C_LANGUAGE_STANDARD = gnu99;
				GCC_NO_COMMON_BLOCKS = YES;
				GCC_WARN_64_TO_32_BIT_CONVERSION = YES;
				GCC_WARN_ABOUT_RETURN_TYPE = YES_ERROR;
				GCC_WARN_UNDECLARED_SELECTOR = YES;
				GCC_WARN_UNINITIALIZED_AUTOS = YES_AGGRESSIVE;
				GCC_WARN_UNUSED_FUNCTION = YES;
				GCC_WARN_UNUSED_VARIABLE = YES;
				IPHONEOS_DEPLOYMENT_TARGET = 8.4;
				MTL_ENABLE_DEBUG_INFO = NO;
				SDKROOT = iphoneos;
				TARGETED_DEVICE_FAMILY = "1,2";
				VALIDATE_PRODUCT = YES;
			};
			name = Release;
		};
		6C885D471BEB346D00B9DEA0 /* Debug */ = {
			isa = XCBuildConfiguration;
			buildSettings = {
				ASSETCATALOG_COMPILER_APPICON_NAME = AppIcon;
				INFOPLIST_FILE = "grisha-first/Info.plist";
				LD_RUNPATH_SEARCH_PATHS = "$(inherited) @executable_path/Frameworks";
				PRODUCT_NAME = "$(TARGET_NAME)";
			};
			name = Debug;
		};
		6C885D481BEB346D00B9DEA0 /* Release */ = {
			isa = XCBuildConfiguration;
			buildSettings = {
				ASSETCATALOG_COMPILER_APPICON_NAME = AppIcon;
				INFOPLIST_FILE = "grisha-first/Info.plist";
				LD_RUNPATH_SEARCH_PATHS = "$(inherited) @executable_path/Frameworks";
				PRODUCT_NAME = "$(TARGET_NAME)";
			};
			name = Release;
		};
		6C885D4A1BEB346D00B9DEA0 /* Debug */ = {
			isa = XCBuildConfiguration;
			buildSettings = {
				BUNDLE_LOADER = "$(TEST_HOST)";
				FRAMEWORK_SEARCH_PATHS = (
					"$(SDKROOT)/Developer/Library/Frameworks",
					"$(inherited)",
				);
				GCC_PREPROCESSOR_DEFINITIONS = (
					"DEBUG=1",
					"$(inherited)",
				);
				INFOPLIST_FILE = "grisha-firstTests/Info.plist";
				LD_RUNPATH_SEARCH_PATHS = "$(inherited) @executable_path/Frameworks @loader_path/Frameworks";
				PRODUCT_NAME = "$(TARGET_NAME)";
				TEST_HOST = "$(BUILT_PRODUCTS_DIR)/grisha-first.app/grisha-first";
			};
			name = Debug;
		};
		6C885D4B1BEB346D00B9DEA0 /* Release */ = {
			isa = XCBuildConfiguration;
			buildSettings = {
				BUNDLE_LOADER = "$(TEST_HOST)";
				FRAMEWORK_SEARCH_PATHS = (
					"$(SDKROOT)/Developer/Library/Frameworks",
					"$(inherited)",
				);
				INFOPLIST_FILE = "grisha-firstTests/Info.plist";
				LD_RUNPATH_SEARCH_PATHS = "$(inherited) @executable_path/Frameworks @loader_path/Frameworks";
				PRODUCT_NAME = "$(TARGET_NAME)";
				TEST_HOST = "$(BUILT_PRODUCTS_DIR)/grisha-first.app/grisha-first";
			};
			name = Release;
		};
/* End XCBuildConfiguration section */

/* Begin XCConfigurationList section */
		6C885D1E1BEB346D00B9DEA0 /* Build configuration list for PBXProject "grisha-first" */ = {
			isa = XCConfigurationList;
			buildConfigurations = (
				6C885D441BEB346D00B9DEA0 /* Debug */,
				6C885D451BEB346D00B9DEA0 /* Release */,
			);
			defaultConfigurationIsVisible = 0;
			defaultConfigurationName = Release;
		};
		6C885D461BEB346D00B9DEA0 /* Build configuration list for PBXNativeTarget "grisha-first" */ = {
			isa = XCConfigurationList;
			buildConfigurations = (
				6C885D471BEB346D00B9DEA0 /* Debug */,
				6C885D481BEB346D00B9DEA0 /* Release */,
			);
			defaultConfigurationIsVisible = 0;
		};
		6C885D491BEB346D00B9DEA0 /* Build configuration list for PBXNativeTarget "grisha-firstTests" */ = {
			isa = XCConfigurationList;
			buildConfigurations = (
				6C885D4A1BEB346D00B9DEA0 /* Debug */,
				6C885D4B1BEB346D00B9DEA0 /* Release */,
			);
			defaultConfigurationIsVisible = 0;
		};
/* End XCConfigurationList section */
	};
	rootObject = 6C885D1B1BEB346D00B9DEA0 /* Project object */;
}
